
Microsoft Visual Studio Solution File, Format Version 12.00
# Visual Studio 15
Project("{FAE04EC0-301F-11D3-BF4B-00C04F79EFBC}") = "TigerKingApp.Android", "TigerKingApp.Android\TigerKingApp.Android.csproj", "{328EC802-3B0D-4457-BFF9-FC372D850B95}"
EndProject
Project("{FAE04EC0-301F-11D3-BF4B-00C04F79EFBC}") = "TigerKingApp.iOS", "TigerKingApp.iOS\TigerKingApp.iOS.csproj", "{A8406FA0-E2D9-4032-B550-413AD86A4C3A}"
EndProject
Project("{FAE04EC0-301F-11D3-BF4B-00C04F79EFBC}") = "TigerKingApp", "TigerKingApp\TigerKingApp.csproj", "{CE4EA72A-37CB-4C78-8A87-5DBEC82F51E4}"
EndProject
Global
	GlobalSection(SolutionConfigurationPlatforms) = preSolution
		Debug|Any CPU = Debug|Any CPU
		Release|Any CPU = Release|Any CPU
		Debug|iPhoneSimulator = Debug|iPhoneSimulator
		Release|iPhoneSimulator = Release|iPhoneSimulator
		Debug|iPhone = Debug|iPhone
		Release|iPhone = Release|iPhone
	EndGlobalSection
	GlobalSection(ProjectConfigurationPlatforms) = postSolution
		{328EC802-3B0D-4457-BFF9-FC372D850B95}.Debug|Any CPU.ActiveCfg = Debug|Any CPU
		{328EC802-3B0D-4457-BFF9-FC372D850B95}.Debug|Any CPU.Build.0 = Debug|Any CPU
		{328EC802-3B0D-4457-BFF9-FC372D850B95}.Release|Any CPU.ActiveCfg = Release|Any CPU
		{328EC802-3B0D-4457-BFF9-FC372D850B95}.Release|Any CPU.Build.0 = Release|Any CPU
		{328EC802-3B0D-4457-BFF9-FC372D850B95}.Debug|iPhoneSimulator.ActiveCfg = Debug|Any CPU
		{328EC802-3B0D-4457-BFF9-FC372D850B95}.Debug|iPhoneSimulator.Build.0 = Debug|Any CPU
		{328EC802-3B0D-4457-BFF9-FC372D850B95}.Release|iPhoneSimulator.ActiveCfg = Release|Any CPU
		{328EC802-3B0D-4457-BFF9-FC372D850B95}.Release|iPhoneSimulator.Build.0 = Release|Any CPU
		{328EC802-3B0D-4457-BFF9-FC372D850B95}.Debug|iPhone.ActiveCfg = Debug|Any CPU
		{328EC802-3B0D-4457-BFF9-FC372D850B95}.Debug|iPhone.Build.0 = Debug|Any CPU
		{328EC802-3B0D-4457-BFF9-FC372D850B95}.Release|iPhone.ActiveCfg = Release|Any CPU
		{328EC802-3B0D-4457-BFF9-FC372D850B95}.Release|iPhone.Build.0 = Release|Any CPU
		{A8406FA0-E2D9-4032-B550-413AD86A4C3A}.Debug|Any CPU.ActiveCfg = Debug|iPhoneSimulator
		{A8406FA0-E2D9-4032-B550-413AD86A4C3A}.Debug|Any CPU.Build.0 = Debug|iPhoneSimulator
		{A8406FA0-E2D9-4032-B550-413AD86A4C3A}.Release|Any CPU.ActiveCfg = Release|iPhoneSimulator
		{A8406FA0-E2D9-4032-B550-413AD86A4C3A}.Release|Any CPU.Build.0 = Release|iPhoneSimulator
		{A8406FA0-E2D9-4032-B550-413AD86A4C3A}.Debug|iPhoneSimulator.ActiveCfg = Debug|iPhoneSimulator
		{A8406FA0-E2D9-4032-B550-413AD86A4C3A}.Debug|iPhoneSimulator.Build.0 = Debug|iPhoneSimulator
		{A8406FA0-E2D9-4032-B550-413AD86A4C3A}.Release|iPhoneSimulator.ActiveCfg = Release|iPhoneSimulator
		{A8406FA0-E2D9-4032-B550-413AD86A4C3A}.Release|iPhoneSimulator.Build.0 = Release|iPhoneSimulator
		{A8406FA0-E2D9-4032-B550-413AD86A4C3A}.Debug|iPhone.ActiveCfg = Debug|iPhone
		{A8406FA0-E2D9-4032-B550-413AD86A4C3A}.Debug|iPhone.Build.0 = Debug|iPhone
		{A8406FA0-E2D9-4032-B550-413AD86A4C3A}.Release|iPhone.ActiveCfg = Release|iPhone
		{A8406FA0-E2D9-4032-B550-413AD86A4C3A}.Release|iPhone.Build.0 = Release|iPhone
		{CE4EA72A-37CB-4C78-8A87-5DBEC82F51E4}.Debug|Any CPU.ActiveCfg = Debug|Any CPU
		{CE4EA72A-37CB-4C78-8A87-5DBEC82F51E4}.Debug|Any CPU.Build.0 = Debug|Any CPU
		{CE4EA72A-37CB-4C78-8A87-5DBEC82F51E4}.Release|Any CPU.ActiveCfg = Release|Any CPU
		{CE4EA72A-37CB-4C78-8A87-5DBEC82F51E4}.Release|Any CPU.Build.0 = Release|Any CPU
		{CE4EA72A-37CB-4C78-8A87-5DBEC82F51E4}.Debug|iPhoneSimulator.ActiveCfg = Debug|Any CPU
		{CE4EA72A-37CB-4C78-8A87-5DBEC82F51E4}.Debug|iPhoneSimulator.Build.0 = Debug|Any CPU
		{CE4EA72A-37CB-4C78-8A87-5DBEC82F51E4}.Release|iPhoneSimulator.ActiveCfg = Release|Any CPU
		{CE4EA72A-37CB-4C78-8A87-5DBEC82F51E4}.Release|iPhoneSimulator.Build.0 = Release|Any CPU
		{CE4EA72A-37CB-4C78-8A87-5DBEC82F51E4}.Debug|iPhone.ActiveCfg = Debug|Any CPU
		{CE4EA72A-37CB-4C78-8A87-5DBEC82F51E4}.Debug|iPhone.Build.0 = Debug|Any CPU
		{CE4EA72A-37CB-4C78-8A87-5DBEC82F51E4}.Release|iPhone.ActiveCfg = Release|Any CPU
		{CE4EA72A-37CB-4C78-8A87-5DBEC82F51E4}.Release|iPhone.Build.0 = Release|Any CPU
	EndGlobalSection
EndGlobal
